
Microsoft Visual Studio Solution File, Format Version 12.00
# Visual Studio Version 17
VisualStudioVersion = 17.2.32526.322
MinimumVisualStudioVersion = 10.0.40219.1
Project("{9A19103F-16F7-4668-BE54-9A1E7A4F7556}") = "iHiveApp", "iHiveApp\iHiveApp.csproj", "{5D475E96-24E0-4890-A97D-88CE9C266FF0}"
EndProject
Project("{2150E333-8FDC-42A3-9474-1A3956D46DE8}") = "Elementy rozwiązania", "Elementy rozwiązania", "{F34C92D2-95DE-41D7-B41F-80D80440BBD7}"
EndProject
Global
	GlobalSection(SolutionConfigurationPlatforms) = preSolution
		Debug|Any CPU = Debug|Any CPU
		Release|Any CPU = Release|Any CPU
	EndGlobalSection
	GlobalSection(ProjectConfigurationPlatforms) = postSolution
		{5D475E96-24E0-4890-A97D-88CE9C266FF0}.Debug|Any CPU.ActiveCfg = Debug|Any CPU
		{5D475E96-24E0-4890-A97D-88CE9C266FF0}.Debug|Any CPU.Build.0 = Debug|Any CPU
		{5D475E96-24E0-4890-A97D-88CE9C266FF0}.Release|Any CPU.ActiveCfg = Release|Any CPU
		{5D475E96-24E0-4890-A97D-88CE9C266FF0}.Release|Any CPU.Build.0 = Release|Any CPU
	EndGlobalSection
	GlobalSection(SolutionProperties) = preSolution
		HideSolutionNode = FALSE
	EndGlobalSection
	GlobalSection(ExtensibilityGlobals) = postSolution
		SolutionGuid = {F785A009-B709-4407-87A6-EE18D8E1BAF6}
	EndGlobalSection
EndGlobal
